
Microsoft Visual Studio Solution File, Format Version 12.00
# Visual Studio Version 17
VisualStudioVersion = 17.14.37027.9 d17.14
MinimumVisualStudioVersion = 10.0.40219.1
Project("{FAE04EC0-301F-11D3-BF4B-00C04F79EFBC}") = "Water", "Water.csproj", "{E0EA7D80-0B9A-419C-8C43-3AB15D5A584F}"
EndProject
Global
	GlobalSection(SolutionConfigurationPlatforms) = preSolution
		Debug|Any CPU = Debug|Any CPU
		Release|Any CPU = Release|Any CPU
	EndGlobalSection
	GlobalSection(ProjectConfigurationPlatforms) = postSolution
		{E0EA7D80-0B9A-419C-8C43-3AB15D5A584F}.Debug|Any CPU.ActiveCfg = Debug|Any CPU
		{E0EA7D80-0B9A-419C-8C43-3AB15D5A584F}.Debug|Any CPU.Build.0 = Debug|Any CPU
		{E0EA7D80-0B9A-419C-8C43-3AB15D5A584F}.Release|Any CPU.ActiveCfg = Release|Any CPU
		{E0EA7D80-0B9A-419C-8C43-3AB15D5A584F}.Release|Any CPU.Build.0 = Release|Any CPU
	EndGlobalSection
	GlobalSection(SolutionProperties) = preSolution
		HideSolutionNode = FALSE
	EndGlobalSection
	GlobalSection(ExtensibilityGlobals) = postSolution
		SolutionGuid = {B465DBF0-8141-4C41-ABE4-8907604C9A81}
	EndGlobalSection
EndGlobal
